
Microsoft Visual Studio Solution File, Format Version 12.00
# Visual Studio 15
VisualStudioVersion = 15.0.28307.645
MinimumVisualStudioVersion = 10.0.40219.1
Project("{FAE04EC0-301F-11D3-BF4B-00C04F79EFBC}") = "Exercicio_Parte2_02", "Exercicio_Parte2_02\Exercicio_Parte2_02.csproj", "{DEA58828-463B-4D83-9958-BB1D7AC45285}"
EndProject
Global
	GlobalSection(SolutionConfigurationPlatforms) = preSolution
		Debug|Any CPU = Debug|Any CPU
		Release|Any CPU = Release|Any CPU
	EndGlobalSection
	GlobalSection(ProjectConfigurationPlatforms) = postSolution
		{DEA58828-463B-4D83-9958-BB1D7AC45285}.Debug|Any CPU.ActiveCfg = Debug|Any CPU
		{DEA58828-463B-4D83-9958-BB1D7AC45285}.Debug|Any CPU.Build.0 = Debug|Any CPU
		{DEA58828-463B-4D83-9958-BB1D7AC45285}.Release|Any CPU.ActiveCfg = Release|Any CPU
		{DEA58828-463B-4D83-9958-BB1D7AC45285}.Release|Any CPU.Build.0 = Release|Any CPU
	EndGlobalSection
	GlobalSection(SolutionProperties) = preSolution
		HideSolutionNode = FALSE
	EndGlobalSection
	GlobalSection(ExtensibilityGlobals) = postSolution
		SolutionGuid = {C6A42B4D-D3BE-4602-8B12-8E81A95AF965}
	EndGlobalSection
EndGlobal
